// !$*UTF8*$!
{
	archiveVersion = 1;
	classes = {
	};
	objectVersion = 51;
	objects = {

/* Begin PBXBuildFile section */
		691FAB32253EFB4B00BC7B20 /* AppDelegate.swift in Sources */ = {isa = PBXBuildFile; fileRef = 691FAB31253EFB4B00BC7B20 /* AppDelegate.swift */; };
		691FAB34253EFB4B00BC7B20 /* SceneDelegate.swift in Sources */ = {isa = PBXBuildFile; fileRef = 691FAB33253EFB4B00BC7B20 /* SceneDelegate.swift */; };
		691FAB36253EFB4B00BC7B20 /* ViewController.swift in Sources */ = {isa = PBXBuildFile; fileRef = 691FAB35253EFB4B00BC7B20 /* ViewController.swift */; };
		691FAB39253EFB4B00BC7B20 /* Main.storyboard in Resources */ = {isa = PBXBuildFile; fileRef = 691FAB37253EFB4B00BC7B20 /* Main.storyboard */; };
		691FAB3B253EFB4D00BC7B20 /* Assets.xcassets in Resources */ = {isa = PBXBuildFile; fileRef = 691FAB3A253EFB4D00BC7B20 /* Assets.xcassets */; };
		691FAB3E253EFB4D00BC7B20 /* LaunchScreen.storyboard in Resources */ = {isa = PBXBuildFile; fileRef = 691FAB3C253EFB4D00BC7B20 /* LaunchScreen.storyboard */; };
		691FAB52253F0CE100BC7B20 /* BadgedButtonItem.swift in Sources */ = {isa = PBXBuildFile; fileRef = 691FAB51253F0CE100BC7B20 /* BadgedButtonItem.swift */; };
		691FAB56253F0D0800BC7B20 /* buttonView.swift in Sources */ = {isa = PBXBuildFile; fileRef = 691FAB55253F0D0800BC7B20 /* buttonView.swift */; };
		691FAB59253F0D1F00BC7B20 /* imageViewCostom.swift in Sources */ = {isa = PBXBuildFile; fileRef = 691FAB58253F0D1F00BC7B20 /* imageViewCostom.swift */; };
		691FAB5C253F0D4000BC7B20 /* textFieldView.swift in Sources */ = {isa = PBXBuildFile; fileRef = 691FAB5B253F0D4000BC7B20 /* textFieldView.swift */; };
		691FAB5F253F0D5A00BC7B20 /* viewCosttom.swift in Sources */ = {isa = PBXBuildFile; fileRef = 691FAB5E253F0D5A00BC7B20 /* viewCosttom.swift */; };
		69CD8A07253F26E50039429D /* config.swift in Sources */ = {isa = PBXBuildFile; fileRef = 69CD8A06253F26E50039429D /* config.swift */; };
		69CD8A0A253F28040039429D /* Validations.swift in Sources */ = {isa = PBXBuildFile; fileRef = 69CD8A09253F28040039429D /* Validations.swift */; };
		69CD8A0D253F287D0039429D /* helperAuth.swift in Sources */ = {isa = PBXBuildFile; fileRef = 69CD8A0C253F287D0039429D /* helperAuth.swift */; };
		69CD8A10253F288C0039429D /* htmlToString.swift in Sources */ = {isa = PBXBuildFile; fileRef = 69CD8A0F253F288C0039429D /* htmlToString.swift */; };
		69CD8A13253F28AD0039429D /* loader.swift in Sources */ = {isa = PBXBuildFile; fileRef = 69CD8A12253F28AD0039429D /* loader.swift */; };
		69CD8A16253F28C90039429D /* navHerlper.swift in Sources */ = {isa = PBXBuildFile; fileRef = 69CD8A15253F28C90039429D /* navHerlper.swift */; };
		69CD8A19253F29070039429D /* showAlert.swift in Sources */ = {isa = PBXBuildFile; fileRef = 69CD8A18253F29070039429D /* showAlert.swift */; };
		69CD8A1C253F292C0039429D /* strikethroughLabel.swift in Sources */ = {isa = PBXBuildFile; fileRef = 69CD8A1B253F292C0039429D /* strikethroughLabel.swift */; };
		D2A3CBE835977B107D9E140A /* Pods_Cairo_Cart.framework in Frameworks */ = {isa = PBXBuildFile; fileRef = 6C86FC8C9339720295ED137D /* Pods_Cairo_Cart.framework */; };
/* End PBXBuildFile section */

/* Begin PBXFileReference section */
		691FAB2E253EFB4B00BC7B20 /* Cairo Cart.app */ = {isa = PBXFileReference; explicitFileType = wrapper.application; includeInIndex = 0; path = "Cairo Cart.app"; sourceTree = BUILT_PRODUCTS_DIR; };
		691FAB31253EFB4B00BC7B20 /* AppDelegate.swift */ = {isa = PBXFileReference; lastKnownFileType = sourcecode.swift; path = AppDelegate.swift; sourceTree = "<group>"; };
		691FAB33253EFB4B00BC7B20 /* SceneDelegate.swift */ = {isa = PBXFileReference; lastKnownFileType = sourcecode.swift; path = SceneDelegate.swift; sourceTree = "<group>"; };
		691FAB35253EFB4B00BC7B20 /* ViewController.swift */ = {isa = PBXFileReference; lastKnownFileType = sourcecode.swift; path = ViewController.swift; sourceTree = "<group>"; };
		691FAB38253EFB4B00BC7B20 /* Base */ = {isa = PBXFileReference; lastKnownFileType = file.storyboard; name = Base; path = Base.lproj/Main.storyboard; sourceTree = "<group>"; };
		691FAB3A253EFB4D00BC7B20 /* Assets.xcassets */ = {isa = PBXFileReference; lastKnownFileType = folder.assetcatalog; path = Assets.xcassets; sourceTree = "<group>"; };
		691FAB3D253EFB4D00BC7B20 /* Base */ = {isa = PBXFileReference; lastKnownFileType = file.storyboard; name = Base; path = Base.lproj/LaunchScreen.storyboard; sourceTree = "<group>"; };
		691FAB3F253EFB4D00BC7B20 /* Info.plist */ = {isa = PBXFileReference; lastKnownFileType = text.plist.xml; path = Info.plist; sourceTree = "<group>"; };
		691FAB51253F0CE100BC7B20 /* BadgedButtonItem.swift */ = {isa = PBXFileReference; lastKnownFileType = sourcecode.swift; path = BadgedButtonItem.swift; sourceTree = "<group>"; };
		691FAB55253F0D0800BC7B20 /* buttonView.swift */ = {isa = PBXFileReference; lastKnownFileType = sourcecode.swift; path = buttonView.swift; sourceTree = "<group>"; };
		691FAB58253F0D1F00BC7B20 /* imageViewCostom.swift */ = {isa = PBXFileReference; lastKnownFileType = sourcecode.swift; path = imageViewCostom.swift; sourceTree = "<group>"; };
		691FAB5B253F0D4000BC7B20 /* textFieldView.swift */ = {isa = PBXFileReference; lastKnownFileType = sourcecode.swift; path = textFieldView.swift; sourceTree = "<group>"; };
		691FAB5E253F0D5A00BC7B20 /* viewCosttom.swift */ = {isa = PBXFileReference; lastKnownFileType = sourcecode.swift; path = viewCosttom.swift; sourceTree = "<group>"; };
		69CD8A06253F26E50039429D /* config.swift */ = {isa = PBXFileReference; lastKnownFileType = sourcecode.swift; path = config.swift; sourceTree = "<group>"; };
		69CD8A09253F28040039429D /* Validations.swift */ = {isa = PBXFileReference; lastKnownFileType = sourcecode.swift; path = Validations.swift; sourceTree = "<group>"; };
		69CD8A0C253F287D0039429D /* helperAuth.swift */ = {isa = PBXFileReference; lastKnownFileType = sourcecode.swift; path = helperAuth.swift; sourceTree = "<group>"; };
		69CD8A0F253F288C0039429D /* htmlToString.swift */ = {isa = PBXFileReference; lastKnownFileType = sourcecode.swift; path = htmlToString.swift; sourceTree = "<group>"; };
		69CD8A12253F28AD0039429D /* loader.swift */ = {isa = PBXFileReference; lastKnownFileType = sourcecode.swift; path = loader.swift; sourceTree = "<group>"; };
		69CD8A15253F28C90039429D /* navHerlper.swift */ = {isa = PBXFileReference; lastKnownFileType = sourcecode.swift; path = navHerlper.swift; sourceTree = "<group>"; };
		69CD8A18253F29070039429D /* showAlert.swift */ = {isa = PBXFileReference; lastKnownFileType = sourcecode.swift; path = showAlert.swift; sourceTree = "<group>"; };
		69CD8A1B253F292C0039429D /* strikethroughLabel.swift */ = {isa = PBXFileReference; lastKnownFileType = sourcecode.swift; path = strikethroughLabel.swift; sourceTree = "<group>"; };
		6C86FC8C9339720295ED137D /* Pods_Cairo_Cart.framework */ = {isa = PBXFileReference; explicitFileType = wrapper.framework; includeInIndex = 0; path = Pods_Cairo_Cart.framework; sourceTree = BUILT_PRODUCTS_DIR; };
		AA5994E87ECD5D0AC62F877C /* Pods-Cairo Cart.release.xcconfig */ = {isa = PBXFileReference; includeInIndex = 1; lastKnownFileType = text.xcconfig; name = "Pods-Cairo Cart.release.xcconfig"; path = "Target Support Files/Pods-Cairo Cart/Pods-Cairo Cart.release.xcconfig"; sourceTree = "<group>"; };
		C898953F099BB16F6E8521A9 /* Pods-Cairo Cart.debug.xcconfig */ = {isa = PBXFileReference; includeInIndex = 1; lastKnownFileType = text.xcconfig; name = "Pods-Cairo Cart.debug.xcconfig"; path = "Target Support Files/Pods-Cairo Cart/Pods-Cairo Cart.debug.xcconfig"; sourceTree = "<group>"; };
/* End PBXFileReference section */

/* Begin PBXFrameworksBuildPhase section */
		691FAB2B253EFB4B00BC7B20 /* Frameworks */ = {
			isa = PBXFrameworksBuildPhase;
			buildActionMask = 2147483647;
			files = (
				D2A3CBE835977B107D9E140A /* Pods_Cairo_Cart.framework in Frameworks */,
			);
			runOnlyForDeploymentPostprocessing = 0;
		};
/* End PBXFrameworksBuildPhase section */

/* Begin PBXGroup section */
		691FAB25253EFB4B00BC7B20 = {
			isa = PBXGroup;
			children = (
				691FAB30253EFB4B00BC7B20 /* Cairo Cart */,
				691FAB2F253EFB4B00BC7B20 /* Products */,
				D55BFDF3863132C539E38FC6 /* Pods */,
				BDE9AC09710D647A3C2A9DCF /* Frameworks */,
			);
			sourceTree = "<group>";
		};
		691FAB2F253EFB4B00BC7B20 /* Products */ = {
			isa = PBXGroup;
			children = (
				691FAB2E253EFB4B00BC7B20 /* Cairo Cart.app */,
			);
			name = Products;
			sourceTree = "<group>";
		};
		691FAB30253EFB4B00BC7B20 /* Cairo Cart */ = {
			isa = PBXGroup;
			children = (
				691FAB4F253F095800BC7B20 /* URLs */,
				691FAB4B253F08F900BC7B20 /* Model */,
				691FAB4A253F08A800BC7B20 /* Fonts */,
				691FAB48253F086800BC7B20 /* Extension */,
				691FAB47253F074600BC7B20 /* Controller */,
				691FAB46253F072400BC7B20 /* API Service */,
				691FAB4C253F093000BC7B20 /* Others */,
				691FAB50253F096700BC7B20 /* View */,
				691FAB4E253F094700BC7B20 /* Storyboard */,
				691FAB3F253EFB4D00BC7B20 /* Info.plist */,
			);
			path = "Cairo Cart";
			sourceTree = "<group>";
		};
		691FAB46253F072400BC7B20 /* API Service */ = {
			isa = PBXGroup;
			children = (
			);
			path = "API Service";
			sourceTree = "<group>";
		};
		691FAB47253F074600BC7B20 /* Controller */ = {
			isa = PBXGroup;
			children = (
			);
			path = Controller;
			sourceTree = "<group>";
		};
		691FAB48253F086800BC7B20 /* Extension */ = {
			isa = PBXGroup;
			children = (
				69CD8A09253F28040039429D /* Validations.swift */,
				69CD8A0C253F287D0039429D /* helperAuth.swift */,
				69CD8A0F253F288C0039429D /* htmlToString.swift */,
				69CD8A12253F28AD0039429D /* loader.swift */,
				69CD8A15253F28C90039429D /* navHerlper.swift */,
				69CD8A18253F29070039429D /* showAlert.swift */,
				69CD8A1B253F292C0039429D /* strikethroughLabel.swift */,
			);
			path = Extension;
			sourceTree = "<group>";
		};
		691FAB4A253F08A800BC7B20 /* Fonts */ = {
			isa = PBXGroup;
			children = (
			);
			path = Fonts;
			sourceTree = "<group>";
		};
		691FAB4B253F08F900BC7B20 /* Model */ = {
			isa = PBXGroup;
			children = (
			);
			path = Model;
			sourceTree = "<group>";
		};
		691FAB4C253F093000BC7B20 /* Others */ = {
			isa = PBXGroup;
			children = (
				691FAB31253EFB4B00BC7B20 /* AppDelegate.swift */,
				691FAB33253EFB4B00BC7B20 /* SceneDelegate.swift */,
				691FAB35253EFB4B00BC7B20 /* ViewController.swift */,
				691FAB3A253EFB4D00BC7B20 /* Assets.xcassets */,
			);
			path = Others;
			sourceTree = "<group>";
		};
		691FAB4E253F094700BC7B20 /* Storyboard */ = {
			isa = PBXGroup;
			children = (
				691FAB37253EFB4B00BC7B20 /* Main.storyboard */,
				691FAB3C253EFB4D00BC7B20 /* LaunchScreen.storyboard */,
			);
			path = Storyboard;
			sourceTree = "<group>";
		};
		691FAB4F253F095800BC7B20 /* URLs */ = {
			isa = PBXGroup;
			children = (
				69CD8A06253F26E50039429D /* config.swift */,
			);
			path = URLs;
			sourceTree = "<group>";
		};
		691FAB50253F096700BC7B20 /* View */ = {
			isa = PBXGroup;
			children = (
				691FAB51253F0CE100BC7B20 /* BadgedButtonItem.swift */,
				691FAB55253F0D0800BC7B20 /* buttonView.swift */,
				691FAB58253F0D1F00BC7B20 /* imageViewCostom.swift */,
				691FAB5B253F0D4000BC7B20 /* textFieldView.swift */,
				691FAB5E253F0D5A00BC7B20 /* viewCosttom.swift */,
			);
			path = View;
			sourceTree = "<group>";
		};
		BDE9AC09710D647A3C2A9DCF /* Frameworks */ = {
			isa = PBXGroup;
			children = (
				6C86FC8C9339720295ED137D /* Pods_Cairo_Cart.framework */,
			);
			name = Frameworks;
			sourceTree = "<group>";
		};
		D55BFDF3863132C539E38FC6 /* Pods */ = {
			isa = PBXGroup;
			children = (
				C898953F099BB16F6E8521A9 /* Pods-Cairo Cart.debug.xcconfig */,
				AA5994E87ECD5D0AC62F877C /* Pods-Cairo Cart.release.xcconfig */,
			);
			path = Pods;
			sourceTree = "<group>";
		};
/* End PBXGroup section */

/* Begin PBXNativeTarget section */
		691FAB2D253EFB4B00BC7B20 /* Cairo Cart */ = {
			isa = PBXNativeTarget;
			buildConfigurationList = 691FAB42253EFB4D00BC7B20 /* Build configuration list for PBXNativeTarget "Cairo Cart" */;
			buildPhases = (
				FDC88426A7BE7654D45BDCDB /* [CP] Check Pods Manifest.lock */,
				691FAB2A253EFB4B00BC7B20 /* Sources */,
				691FAB2B253EFB4B00BC7B20 /* Frameworks */,
				691FAB2C253EFB4B00BC7B20 /* Resources */,
				41999E32D5C6A3DC5BC1E43E /* [CP] Embed Pods Frameworks */,
			);
			buildRules = (
			);
			dependencies = (
			);
			name = "Cairo Cart";
			productName = "Cairo Cart";
			productReference = 691FAB2E253EFB4B00BC7B20 /* Cairo Cart.app */;
			productType = "com.apple.product-type.application";
		};
/* End PBXNativeTarget section */

/* Begin PBXProject section */
		691FAB26253EFB4B00BC7B20 /* Project object */ = {
			isa = PBXProject;
			attributes = {
				LastSwiftUpdateCheck = 1200;
				LastUpgradeCheck = 1200;
				TargetAttributes = {
					691FAB2D253EFB4B00BC7B20 = {
						CreatedOnToolsVersion = 12.0;
					};
				};
			};
			buildConfigurationList = 691FAB29253EFB4B00BC7B20 /* Build configuration list for PBXProject "Cairo Cart" */;
			compatibilityVersion = "Xcode 9.3";
			developmentRegion = en;
			hasScannedForEncodings = 0;
			knownRegions = (
				en,
				Base,
			);
			mainGroup = 691FAB25253EFB4B00BC7B20;
			productRefGroup = 691FAB2F253EFB4B00BC7B20 /* Products */;
			projectDirPath = "";
			projectRoot = "";
			targets = (
				691FAB2D253EFB4B00BC7B20 /* Cairo Cart */,
			);
		};
/* End PBXProject section */

/* Begin PBXResourcesBuildPhase section */
		691FAB2C253EFB4B00BC7B20 /* Resources */ = {
			isa = PBXResourcesBuildPhase;
			buildActionMask = 2147483647;
			files = (
				691FAB3E253EFB4D00BC7B20 /* LaunchScreen.storyboard in Resources */,
				691FAB3B253EFB4D00BC7B20 /* Assets.xcassets in Resources */,
				691FAB39253EFB4B00BC7B20 /* Main.storyboard in Resources */,
			);
			runOnlyForDeploymentPostprocessing = 0;
		};
/* End PBXResourcesBuildPhase section */

/* Begin PBXShellScriptBuildPhase section */
		41999E32D5C6A3DC5BC1E43E /* [CP] Embed Pods Frameworks */ = {
			isa = PBXShellScriptBuildPhase;
			buildActionMask = 2147483647;
			files = (
			);
			inputFileListPaths = (
				"${PODS_ROOT}/Target Support Files/Pods-Cairo Cart/Pods-Cairo Cart-frameworks-${CONFIGURATION}-input-files.xcfilelist",
			);
			name = "[CP] Embed Pods Frameworks";
			outputFileListPaths = (
				"${PODS_ROOT}/Target Support Files/Pods-Cairo Cart/Pods-Cairo Cart-frameworks-${CONFIGURATION}-output-files.xcfilelist",
			);
			runOnlyForDeploymentPostprocessing = 0;
			shellPath = /bin/sh;
			shellScript = "\"${PODS_ROOT}/Target Support Files/Pods-Cairo Cart/Pods-Cairo Cart-frameworks.sh\"\n";
			showEnvVarsInLog = 0;
		};
		FDC88426A7BE7654D45BDCDB /* [CP] Check Pods Manifest.lock */ = {
			isa = PBXShellScriptBuildPhase;
			buildActionMask = 2147483647;
			files = (
			);
			inputFileListPaths = (
			);
			inputPaths = (
				"${PODS_PODFILE_DIR_PATH}/Podfile.lock",
				"${PODS_ROOT}/Manifest.lock",
			);
			name = "[CP] Check Pods Manifest.lock";
			outputFileListPaths = (
			);
			outputPaths = (
				"$(DERIVED_FILE_DIR)/Pods-Cairo Cart-checkManifestLockResult.txt",
			);
			runOnlyForDeploymentPostprocessing = 0;
			shellPath = /bin/sh;
			shellScript = "diff \"${PODS_PODFILE_DIR_PATH}/Podfile.lock\" \"${PODS_ROOT}/Manifest.lock\" > /dev/null\nif [ $? != 0 ] ; then\n    # print error to STDERR\n    echo \"error: The sandbox is not in sync with the Podfile.lock. Run 'pod install' or update your CocoaPods installation.\" >&2\n    exit 1\nfi\n# This output is used by Xcode 'outputs' to avoid re-running this script phase.\necho \"SUCCESS\" > \"${SCRIPT_OUTPUT_FILE_0}\"\n";
			showEnvVarsInLog = 0;
		};
/* End PBXShellScriptBuildPhase section */

/* Begin PBXSourcesBuildPhase section */
		691FAB2A253EFB4B00BC7B20 /* Sources */ = {
			isa = PBXSourcesBuildPhase;
			buildActionMask = 2147483647;
			files = (
				691FAB5F253F0D5A00BC7B20 /* viewCosttom.swift in Sources */,
				691FAB36253EFB4B00BC7B20 /* ViewController.swift in Sources */,
				691FAB5C253F0D4000BC7B20 /* textFieldView.swift in Sources */,
				691FAB32253EFB4B00BC7B20 /* AppDelegate.swift in Sources */,
				69CD8A10253F288C0039429D /* htmlToString.swift in Sources */,
				69CD8A0A253F28040039429D /* Validations.swift in Sources */,
				69CD8A1C253F292C0039429D /* strikethroughLabel.swift in Sources */,
				69CD8A13253F28AD0039429D /* loader.swift in Sources */,
				691FAB56253F0D0800BC7B20 /* buttonView.swift in Sources */,
				69CD8A16253F28C90039429D /* navHerlper.swift in Sources */,
				691FAB34253EFB4B00BC7B20 /* SceneDelegate.swift in Sources */,
				69CD8A0D253F287D0039429D /* helperAuth.swift in Sources */,
				69CD8A07253F26E50039429D /* config.swift in Sources */,
				691FAB52253F0CE100BC7B20 /* BadgedButtonItem.swift in Sources */,
				69CD8A19253F29070039429D /* showAlert.swift in Sources */,
				691FAB59253F0D1F00BC7B20 /* imageViewCostom.swift in Sources */,
			);
			runOnlyForDeploymentPostprocessing = 0;
		};
/* End PBXSourcesBuildPhase section */

/* Begin PBXVariantGroup section */
		691FAB37253EFB4B00BC7B20 /* Main.storyboard */ = {
			isa = PBXVariantGroup;
			children = (
				691FAB38253EFB4B00BC7B20 /* Base */,
			);
			name = Main.storyboard;
			sourceTree = "<group>";
		};
		691FAB3C253EFB4D00BC7B20 /* LaunchScreen.storyboard */ = {
			isa = PBXVariantGroup;
			children = (
				691FAB3D253EFB4D00BC7B20 /* Base */,
			);
			name = LaunchScreen.storyboard;
			sourceTree = "<group>";
		};
/* End PBXVariantGroup section */

/* Begin XCBuildConfiguration section */
		691FAB40253EFB4D00BC7B20 /* Debug */ = {
			isa = XCBuildConfiguration;
			buildSettings = {
				ALWAYS_SEARCH_USER_PATHS = NO;
				CLANG_ANALYZER_NONNULL = YES;
				CLANG_ANALYZER_NUMBER_OBJECT_CONVERSION = YES_AGGRESSIVE;
				CLANG_CXX_LANGUAGE_STANDARD = "gnu++14";
				CLANG_CXX_LIBRARY = "libc++";
				CLANG_ENABLE_MODULES = YES;
				CLANG_ENABLE_OBJC_ARC = YES;
				CLANG_ENABLE_OBJC_WEAK = YES;
				CLANG_WARN_BLOCK_CAPTURE_AUTORELEASING = YES;
				CLANG_WARN_BOOL_CONVERSION = YES;
				CLANG_WARN_COMMA = YES;
				CLANG_WARN_CONSTANT_CONVERSION = YES;
				CLANG_WARN_DEPRECATED_OBJC_IMPLEMENTATIONS = YES;
				CLANG_WARN_DIRECT_OBJC_ISA_USAGE = YES_ERROR;
				CLANG_WARN_DOCUMENTATION_COMMENTS = YES;
				CLANG_WARN_EMPTY_BODY = YES;
				CLANG_WARN_ENUM_CONVERSION = YES;
				CLANG_WARN_INFINITE_RECURSION = YES;
				CLANG_WARN_INT_CONVERSION = YES;
				CLANG_WARN_NON_LITERAL_NULL_CONVERSION = YES;
				CLANG_WARN_OBJC_IMPLICIT_RETAIN_SELF = YES;
				CLANG_WARN_OBJC_LITERAL_CONVERSION = YES;
				CLANG_WARN_OBJC_ROOT_CLASS = YES_ERROR;
				CLANG_WARN_QUOTED_INCLUDE_IN_FRAMEWORK_HEADER = YES;
				CLANG_WARN_RANGE_LOOP_ANALYSIS = YES;
				CLANG_WARN_STRICT_PROTOTYPES = YES;
				CLANG_WARN_SUSPICIOUS_MOVE = YES;
				CLANG_WARN_UNGUARDED_AVAILABILITY = YES_AGGRESSIVE;
				CLANG_WARN_UNREACHABLE_CODE = YES;
				CLANG_WARN__DUPLICATE_METHOD_MATCH = YES;
				COPY_PHASE_STRIP = NO;
				DEBUG_INFORMATION_FORMAT = dwarf;
				ENABLE_STRICT_OBJC_MSGSEND = YES;
				ENABLE_TESTABILITY = YES;
				GCC_C_LANGUAGE_STANDARD = gnu11;
				GCC_DYNAMIC_NO_PIC = NO;
				GCC_NO_COMMON_BLOCKS = YES;
				GCC_OPTIMIZATION_LEVEL = 0;
				GCC_PREPROCESSOR_DEFINITIONS = (
					"DEBUG=1",
					"$(inherited)",
				);
				GCC_WARN_64_TO_32_BIT_CONVERSION = YES;
				GCC_WARN_ABOUT_RETURN_TYPE = YES_ERROR;
				GCC_WARN_UNDECLARED_SELECTOR = YES;
				GCC_WARN_UNINITIALIZED_AUTOS = YES_AGGRESSIVE;
				GCC_WARN_UNUSED_FUNCTION = YES;
				GCC_WARN_UNUSED_VARIABLE = YES;
				IPHONEOS_DEPLOYMENT_TARGET = 14.0;
				MTL_ENABLE_DEBUG_INFO = INCLUDE_SOURCE;
				MTL_FAST_MATH = YES;
				ONLY_ACTIVE_ARCH = YES;
				SDKROOT = iphoneos;
				SWIFT_ACTIVE_COMPILATION_CONDITIONS = DEBUG;
				SWIFT_OPTIMIZATION_LEVEL = "-Onone";
			};
			name = Debug;
		};
		691FAB41253EFB4D00BC7B20 /* Release */ = {
			isa = XCBuildConfiguration;
			buildSettings = {
				ALWAYS_SEARCH_USER_PATHS = NO;
				CLANG_ANALYZER_NONNULL = YES;
				CLANG_ANALYZER_NUMBER_OBJECT_CONVERSION = YES_AGGRESSIVE;
				CLANG_CXX_LANGUAGE_STANDARD = "gnu++14";
				CLANG_CXX_LIBRARY = "libc++";
				CLANG_ENABLE_MODULES = YES;
				CLANG_ENABLE_OBJC_ARC = YES;
				CLANG_ENABLE_OBJC_WEAK = YES;
				CLANG_WARN_BLOCK_CAPTURE_AUTORELEASING = YES;
				CLANG_WARN_BOOL_CONVERSION = YES;
				CLANG_WARN_COMMA = YES;
				CLANG_WARN_CONSTANT_CONVERSION = YES;
				CLANG_WARN_DEPRECATED_OBJC_IMPLEMENTATIONS = YES;
				CLANG_WARN_DIRECT_OBJC_ISA_USAGE = YES_ERROR;
				CLANG_WARN_DOCUMENTATION_COMMENTS = YES;
				CLANG_WARN_EMPTY_BODY = YES;
				CLANG_WARN_ENUM_CONVERSION = YES;
				CLANG_WARN_INFINITE_RECURSION = YES;
				CLANG_WARN_INT_CONVERSION = YES;
				CLANG_WARN_NON_LITERAL_NULL_CONVERSION = YES;
				CLANG_WARN_OBJC_IMPLICIT_RETAIN_SELF = YES;
				CLANG_WARN_OBJC_LITERAL_CONVERSION = YES;
				CLANG_WARN_OBJC_ROOT_CLASS = YES_ERROR;
				CLANG_WARN_QUOTED_INCLUDE_IN_FRAMEWORK_HEADER = YES;
				CLANG_WARN_RANGE_LOOP_ANALYSIS = YES;
				CLANG_WARN_STRICT_PROTOTYPES = YES;
				CLANG_WARN_SUSPICIOUS_MOVE = YES;
				CLANG_WARN_UNGUARDED_AVAILABILITY = YES_AGGRESSIVE;
				CLANG_WARN_UNREACHABLE_CODE = YES;
				CLANG_WARN__DUPLICATE_METHOD_MATCH = YES;
				COPY_PHASE_STRIP = NO;
				DEBUG_INFORMATION_FORMAT = "dwarf-with-dsym";
				ENABLE_NS_ASSERTIONS = NO;
				ENABLE_STRICT_OBJC_MSGSEND = YES;
				GCC_C_LANGUAGE_STANDARD = gnu11;
				GCC_NO_COMMON_BLOCKS = YES;
				GCC_WARN_64_TO_32_BIT_CONVERSION = YES;
				GCC_WARN_ABOUT_RETURN_TYPE = YES_ERROR;
				GCC_WARN_UNDECLARED_SELECTOR = YES;
				GCC_WARN_UNINITIALIZED_AUTOS = YES_AGGRESSIVE;
				GCC_WARN_UNUSED_FUNCTION = YES;
				GCC_WARN_UNUSED_VARIABLE = YES;
				IPHONEOS_DEPLOYMENT_TARGET = 14.0;
				MTL_ENABLE_DEBUG_INFO = NO;
				MTL_FAST_MATH = YES;
				SDKROOT = iphoneos;
				SWIFT_COMPILATION_MODE = wholemodule;
				SWIFT_OPTIMIZATION_LEVEL = "-O";
				VALIDATE_PRODUCT = YES;
			};
			name = Release;
		};
		691FAB43253EFB4D00BC7B20 /* Debug */ = {
			isa = XCBuildConfiguration;
			baseConfigurationReference = C898953F099BB16F6E8521A9 /* Pods-Cairo Cart.debug.xcconfig */;
			buildSettings = {
				ASSETCATALOG_COMPILER_APPICON_NAME = AppIcon;
				ASSETCATALOG_COMPILER_GLOBAL_ACCENT_COLOR_NAME = AccentColor;
				CODE_SIGN_STYLE = Automatic;
				DEVELOPMENT_TEAM = 4Z34DQ34UQ;
				INFOPLIST_FILE = "Cairo Cart/Info.plist";
				IPHONEOS_DEPLOYMENT_TARGET = 14.0;
				LD_RUNPATH_SEARCH_PATHS = (
					"$(inherited)",
					"@executable_path/Frameworks",
				);
				PRODUCT_BUNDLE_IDENTIFIER = "com.FaridEbakers.Cairo-Cart";
				PRODUCT_NAME = "$(TARGET_NAME)";
				SWIFT_VERSION = 5.0;
				TARGETED_DEVICE_FAMILY = 1;
			};
			name = Debug;
		};
		691FAB44253EFB4D00BC7B20 /* Release */ = {
			isa = XCBuildConfiguration;
			baseConfigurationReference = AA5994E87ECD5D0AC62F877C /* Pods-Cairo Cart.release.xcconfig */;
			buildSettings = {
				ASSETCATALOG_COMPILER_APPICON_NAME = AppIcon;
				ASSETCATALOG_COMPILER_GLOBAL_ACCENT_COLOR_NAME = AccentColor;
				CODE_SIGN_STYLE = Automatic;
				DEVELOPMENT_TEAM = 4Z34DQ34UQ;
				INFOPLIST_FILE = "Cairo Cart/Info.plist";
				IPHONEOS_DEPLOYMENT_TARGET = 14.0;
				LD_RUNPATH_SEARCH_PATHS = (
					"$(inherited)",
					"@executable_path/Frameworks",
				);
				PRODUCT_BUNDLE_IDENTIFIER = "com.FaridEbakers.Cairo-Cart";
				PRODUCT_NAME = "$(TARGET_NAME)";
				SWIFT_VERSION = 5.0;
				TARGETED_DEVICE_FAMILY = 1;
			};
			name = Release;
		};
/* End XCBuildConfiguration section */

/* Begin XCConfigurationList section */
		691FAB29253EFB4B00BC7B20 /* Build configuration list for PBXProject "Cairo Cart" */ = {
			isa = XCConfigurationList;
			buildConfigurations = (
				691FAB40253EFB4D00BC7B20 /* Debug */,
				691FAB41253EFB4D00BC7B20 /* Release */,
			);
			defaultConfigurationIsVisible = 0;
			defaultConfigurationName = Release;
		};
		691FAB42253EFB4D00BC7B20 /* Build configuration list for PBXNativeTarget "Cairo Cart" */ = {
			isa = XCConfigurationList;
			buildConfigurations = (
				691FAB43253EFB4D00BC7B20 /* Debug */,
				691FAB44253EFB4D00BC7B20 /* Release */,
			);
			defaultConfigurationIsVisible = 0;
			defaultConfigurationName = Release;
		};
/* End XCConfigurationList section */
	};
	rootObject = 691FAB26253EFB4B00BC7B20 /* Project object */;
}
